
Microsoft Visual Studio Solution File, Format Version 12.00
Project("{FAE04EC0-301F-11D3-BF4B-00C04F79EFBC}") = "NoncesAreNoticedDotNet", "NoncesAreNoticedDotNet\NoncesAreNoticedDotNet.csproj", "{5FA0D5EA-6FC0-461E-A0B7-283467CCA7AA}"
EndProject
Project("{FAE04EC0-301F-11D3-BF4B-00C04F79EFBC}") = "NoncesAreNoticedDotNet.Tests", "NoncesAreNoticedDotNet.Tests\NoncesAreNoticedDotNet.Tests.csproj", "{AC2F6FAC-5E29-482E-B4B4-CDDC49E4D009}"
EndProject
Global
	GlobalSection(SolutionConfigurationPlatforms) = preSolution
		Debug|Any CPU = Debug|Any CPU
		Release|Any CPU = Release|Any CPU
	EndGlobalSection
	GlobalSection(ProjectConfigurationPlatforms) = postSolution
		{5FA0D5EA-6FC0-461E-A0B7-283467CCA7AA}.Debug|Any CPU.ActiveCfg = Debug|Any CPU
		{5FA0D5EA-6FC0-461E-A0B7-283467CCA7AA}.Debug|Any CPU.Build.0 = Debug|Any CPU
		{5FA0D5EA-6FC0-461E-A0B7-283467CCA7AA}.Release|Any CPU.ActiveCfg = Release|Any CPU
		{5FA0D5EA-6FC0-461E-A0B7-283467CCA7AA}.Release|Any CPU.Build.0 = Release|Any CPU
		{AC2F6FAC-5E29-482E-B4B4-CDDC49E4D009}.Debug|Any CPU.ActiveCfg = Debug|Any CPU
		{AC2F6FAC-5E29-482E-B4B4-CDDC49E4D009}.Debug|Any CPU.Build.0 = Debug|Any CPU
		{AC2F6FAC-5E29-482E-B4B4-CDDC49E4D009}.Release|Any CPU.ActiveCfg = Release|Any CPU
		{AC2F6FAC-5E29-482E-B4B4-CDDC49E4D009}.Release|Any CPU.Build.0 = Release|Any CPU
	EndGlobalSection
EndGlobal
